
Microsoft Visual Studio Solution File, Format Version 12.00
# Visual Studio Version 16
VisualStudioVersion = 25.0.1703.0
MinimumVisualStudioVersion = 10.0.40219.1
Project("{FAE04EC0-301F-11D3-BF4B-00C04F79EFBC}") = "OOP-Project-Bank", "OOP-Project-Bank\OOP-Project-Bank.csproj", "{57B30EC4-C058-4FAD-80AC-A56C3E5ED0DA}"
EndProject
Global
	GlobalSection(SolutionConfigurationPlatforms) = preSolution
		Debug|Any CPU = Debug|Any CPU
		Release|Any CPU = Release|Any CPU
	EndGlobalSection
	GlobalSection(ProjectConfigurationPlatforms) = postSolution
		{57B30EC4-C058-4FAD-80AC-A56C3E5ED0DA}.Debug|Any CPU.ActiveCfg = Debug|Any CPU
		{57B30EC4-C058-4FAD-80AC-A56C3E5ED0DA}.Debug|Any CPU.Build.0 = Debug|Any CPU
		{57B30EC4-C058-4FAD-80AC-A56C3E5ED0DA}.Release|Any CPU.ActiveCfg = Release|Any CPU
		{57B30EC4-C058-4FAD-80AC-A56C3E5ED0DA}.Release|Any CPU.Build.0 = Release|Any CPU
	EndGlobalSection
	GlobalSection(SolutionProperties) = preSolution
		HideSolutionNode = FALSE
	EndGlobalSection
	GlobalSection(ExtensibilityGlobals) = postSolution
		SolutionGuid = {5975AD7C-2617-4D40-9E49-3C34B729E7C2}
	EndGlobalSection
EndGlobal
